<?xml version="1.0" encoding="UTF-8"?>
<CONFIG>
  <ProjectOptions>
    <Version Value="12"/>
    <PathDelim Value="\"/>
    <General>
      <Flags>
        <CompatibilityMode Value="True"/>
      </Flags>
      <SessionStorage Value="InProjectDir"/>
      <Title Value="Free Manga Downloader"/>
      <Scaled Value="True"/>
      <ResourceType Value="res"/>
      <UseXPManifest Value="True"/>
      <XPManifest>
        <DpiAware Value="True"/>
      </XPManifest>
      <Icon Value="0"/>
    </General>
    <i18n>
      <EnableI18N Value="True"/>
      <OutDir Value="..\languages"/>
    </i18n>
    <VersionInfo>
      <UseVersionInfo Value="True"/>
      <MajorVersionNr Value="1"/>
      <MinorVersionNr Value="3"/>
      <RevisionNr Value="3"/>
      <Attributes pvaPrivateBuild="True"/>
      <StringTable Comments="https://github.com/fmd-project-team/FMD" FileDescription="Free Manga Downloader" LegalCopyright="©2015-2020" OriginalFilename="fmd.exe" ProductName="Free Manga Downloader" ProductVersion="$BuildMode()" PrivateBuild="FMD Project Team"/>
    </VersionInfo>
    <BuildModes Count="6">
      <Item1 Name="Win32" Default="True"/>
      <Item2 Name="Win64">
        <CompilerOptions>
          <Version Value="11"/>
          <PathDelim Value="\"/>
          <Target>
            <Filename Value="..\bin\$(TargetCPU)-$(TargetOS)\fmd"/>
          </Target>
          <SearchPaths>
            <IncludeFiles Value="$(ProjOutDir)"/>
            <OtherUnitFiles Value="..\baseunits;..\baseunits\animatedgifs;..\baseunits\extras;..\baseunits\lua;..\baseunits\modules;..\baseunits\SimpleException;..\baseunits\synapse;forms"/>
            <UnitOutputDirectory Value="lib\$(TargetCPU)-$(TargetOS)"/>
          </SearchPaths>
          <CodeGeneration>
            <SmartLinkUnit Value="True"/>
            <TargetCPU Value="x86_64"/>
            <TargetOS Value="win64"/>
            <Optimizations>
              <OptimizationLevel Value="2"/>
              <VariablesInRegisters Value="True"/>
            </Optimizations>
          </CodeGeneration>
          <Linking>
            <Debugging>
              <GenerateDebugInfo Value="False"/>
              <DebugInfoType Value="dsStabs"/>
              <StripSymbols Value="True"/>
              <UseExternalDbgSyms Value="True"/>
            </Debugging>
            <LinkSmart Value="True"/>
            <Options>
              <Win32>
                <GraphicApplication Value="True"/>
              </Win32>
            </Options>
          </Linking>
          <Other>
            <OtherDefines Count="2">
              <Define0 Value="DEBUGLEAKS"/>
              <Define1 Value="DEVBUILD"/>
            </OtherDefines>
            <ExecuteBefore>
              <Command Value="..\git2revision.bat ..\baseunits\revision.inc"/>
              <CompileReasons Run="False"/>
            </ExecuteBefore>
          </Other>
        </CompilerOptions>
      </Item2>
      <Item3 Name="Win32 Debug">
        <CompilerOptions>
          <Version Value="11"/>
          <PathDelim Value="\"/>
          <Target>
            <Filename Value="..\bin\$(TargetCPU)-$(TargetOS)\fmd"/>
          </Target>
          <SearchPaths>
            <IncludeFiles Value="$(ProjOutDir)"/>
            <OtherUnitFiles Value="..\baseunits;..\baseunits\animatedgifs;..\baseunits\extras;..\baseunits\lua;..\baseunits\modules;..\baseunits\SimpleException;..\baseunits\synapse;forms"/>
            <UnitOutputDirectory Value="lib\$(TargetCPU)-$(TargetOS)"/>
          </SearchPaths>
          <Parsing>
            <SyntaxOptions>
              <IncludeAssertionCode Value="True"/>
            </SyntaxOptions>
          </Parsing>
          <CodeGeneration>
            <Checks>
              <IOChecks Value="True"/>
              <OverflowChecks Value="True"/>
              <StackChecks Value="True"/>
            </Checks>
            <TargetCPU Value="i386"/>
            <TargetOS Value="win32"/>
            <Optimizations>
              <VariablesInRegisters Value="True"/>
            </Optimizations>
          </CodeGeneration>
          <Linking>
            <Debugging>
              <UseExternalDbgSyms Value="True"/>
            </Debugging>
            <Options>
              <Win32>
                <GraphicApplication Value="True"/>
              </Win32>
            </Options>
          </Linking>
          <Other>
            <CompilerMessages>
              <IgnoredMessages idx4079="True"/>
            </CompilerMessages>
            <OtherDefines Count="2">
              <Define0 Value="DEBUGLEAKS"/>
              <Define1 Value="DEVBUILD"/>
            </OtherDefines>
            <ExecuteBefore>
              <Command Value="..\git2revision.bat ..\baseunits\revision.inc"/>
              <CompileReasons Run="False"/>
            </ExecuteBefore>
          </Other>
        </CompilerOptions>
      </Item3>
      <Item4 Name="Win64 Debug">
        <CompilerOptions>
          <Version Value="11"/>
          <PathDelim Value="\"/>
          <Target>
            <Filename Value="..\bin\$(TargetCPU)-$(TargetOS)\fmd"/>
          </Target>
          <SearchPaths>
            <IncludeFiles Value="$(ProjOutDir)"/>
            <OtherUnitFiles Value="..\baseunits;..\baseunits\animatedgifs;..\baseunits\extras;..\baseunits\lua;..\baseunits\modules;..\baseunits\SimpleException;..\baseunits\synapse;forms"/>
            <UnitOutputDirectory Value="lib\$(TargetCPU)-$(TargetOS)"/>
          </SearchPaths>
          <Parsing>
            <SyntaxOptions>
              <IncludeAssertionCode Value="True"/>
            </SyntaxOptions>
          </Parsing>
          <CodeGeneration>
            <Checks>
              <IOChecks Value="True"/>
              <OverflowChecks Value="True"/>
              <StackChecks Value="True"/>
            </Checks>
            <TargetCPU Value="x86_64"/>
            <TargetOS Value="win64"/>
            <Optimizations>
              <VariablesInRegisters Value="True"/>
            </Optimizations>
          </CodeGeneration>
          <Linking>
            <Debugging>
              <UseExternalDbgSyms Value="True"/>
            </Debugging>
            <Options>
              <Win32>
                <GraphicApplication Value="True"/>
              </Win32>
            </Options>
          </Linking>
          <Other>
            <ExecuteBefore>
              <Command Value="..\git2revision.bat ..\baseunits\revision.inc"/>
              <CompileReasons Run="False"/>
            </ExecuteBefore>
          </Other>
        </CompilerOptions>
      </Item4>
      <Item5 Name="Win32 Debug Leaks">
        <CompilerOptions>
          <Version Value="11"/>
          <PathDelim Value="\"/>
          <Target>
            <Filename Value="..\bin\$(TargetCPU)-$(TargetOS)\fmd"/>
          </Target>
          <SearchPaths>
            <IncludeFiles Value="$(ProjOutDir)"/>
            <OtherUnitFiles Value="..\baseunits;..\baseunits\animatedgifs;..\baseunits\extras;..\baseunits\lua;..\baseunits\modules;..\baseunits\SimpleException;..\baseunits\synapse;forms"/>
            <UnitOutputDirectory Value="lib\$(TargetCPU)-$(TargetOS)"/>
          </SearchPaths>
          <Parsing>
            <SyntaxOptions>
              <IncludeAssertionCode Value="True"/>
            </SyntaxOptions>
          </Parsing>
          <CodeGeneration>
            <Checks>
              <IOChecks Value="True"/>
              <RangeChecks Value="True"/>
              <OverflowChecks Value="True"/>
              <StackChecks Value="True"/>
            </Checks>
            <TargetCPU Value="i386"/>
            <TargetOS Value="win32"/>
            <Optimizations>
              <OptimizationLevel Value="0"/>
              <VariablesInRegisters Value="True"/>
            </Optimizations>
          </CodeGeneration>
          <Linking>
            <Debugging>
              <UseHeaptrc Value="True"/>
              <UseExternalDbgSyms Value="True"/>
            </Debugging>
          </Linking>
          <Other>
            <CustomOptions Value="-dDEVBUILD
-dDEBUGLEAKS"/>
            <OtherDefines Count="2">
              <Define0 Value="DEBUGLEAKS"/>
              <Define1 Value="DEVBUILD"/>
            </OtherDefines>
            <ExecuteBefore>
              <Command Value="..\git2revision.bat ..\baseunits\revision.inc"/>
              <CompileReasons Run="False"/>
            </ExecuteBefore>
            <ExecuteAfter>
              <Command Value="cmd.exe /c copy /y ..\languages\*.po ..\bin\$(TargetCPU)-$(TargetOS)\languages\ 1>nul"/>
              <CompileReasons Compile="False" Run="False"/>
            </ExecuteAfter>
          </Other>
        </CompilerOptions>
      </Item5>
      <Item6 Name="Win64 Debug Leaks">
        <CompilerOptions>
          <Version Value="11"/>
          <PathDelim Value="\"/>
          <Target>
            <Filename Value="..\bin\$(TargetCPU)-$(TargetOS)\fmd"/>
          </Target>
          <SearchPaths>
            <IncludeFiles Value="$(ProjOutDir)"/>
            <OtherUnitFiles Value="..\baseunits;..\baseunits\animatedgifs;..\baseunits\extras;..\baseunits\lua;..\baseunits\modules;..\baseunits\SimpleException;..\baseunits\synapse;forms"/>
            <UnitOutputDirectory Value="lib\$(TargetCPU)-$(TargetOS)"/>
          </SearchPaths>
          <Parsing>
            <SyntaxOptions>
              <IncludeAssertionCode Value="True"/>
            </SyntaxOptions>
          </Parsing>
          <CodeGeneration>
            <Checks>
              <IOChecks Value="True"/>
              <RangeChecks Value="True"/>
              <OverflowChecks Value="True"/>
              <StackChecks Value="True"/>
            </Checks>
            <TargetCPU Value="x86_64"/>
            <TargetOS Value="win64"/>
            <Optimizations>
              <OptimizationLevel Value="0"/>
              <VariablesInRegisters Value="True"/>
            </Optimizations>
          </CodeGeneration>
          <Linking>
            <Debugging>
              <UseHeaptrc Value="True"/>
              <UseExternalDbgSyms Value="True"/>
            </Debugging>
          </Linking>
          <Other>
            <CustomOptions Value="-dDEVBUILD
-dDEBUGLEAKS"/>
            <OtherDefines Count="2">
              <Define0 Value="DEBUGLEAKS"/>
              <Define1 Value="DEVBUILD"/>
            </OtherDefines>
            <ExecuteBefore>
              <Command Value="..\git2revision.bat ..\baseunits\revision.inc"/>
              <CompileReasons Run="False"/>
            </ExecuteBefore>
            <ExecuteAfter>
              <Command Value="cmd.exe /c copy /y ..\languages\*.po ..\bin\$(TargetCPU)-$(TargetOS)\languages\ 1>nul"/>
              <CompileReasons Compile="False" Run="False"/>
            </ExecuteAfter>
          </Other>
        </CompilerOptions>
      </Item6>
    </BuildModes>
    <PublishOptions>
      <Version Value="2"/>
      <DestinationDirectory Value="D:\Entwicklung\FMD\Publish"/>
    </PublishOptions>
    <RunParams>
      <FormatVersion Value="2"/>
      <Modes Count="1">
        <Mode0 Name="default"/>
      </Modes>
    </RunParams>
    <RequiredPackages Count="9">
      <Item1>
        <PackageName Value="LCL"/>
      </Item1>
      <Item2>
        <PackageName Value="RunTimeTypeInfoControls"/>
      </Item2>
      <Item3>
        <PackageName Value="LazControls"/>
      </Item3>
      <Item4>
        <PackageName Value="TAChartLazarusPkg"/>
      </Item4>
      <Item5>
        <PackageName Value="virtualtreeview_package"/>
      </Item5>
      <Item6>
        <PackageName Value="richmemopackage"/>
      </Item6>
      <Item7>
        <PackageName Value="multiloglaz"/>
      </Item7>
      <Item8>
        <PackageName Value="dcpcrypt"/>
      </Item8>
      <Item9>
        <PackageName Value="internettools"/>
      </Item9>
    </RequiredPackages>
    <Units Count="27">
      <Unit0>
        <Filename Value="md.lpr"/>
        <IsPartOfProject Value="True"/>
      </Unit0>
      <Unit1>
        <Filename Value="forms\frmMain.pas"/>
        <IsPartOfProject Value="True"/>
        <ComponentName Value="MainForm"/>
        <HasResources Value="True"/>
        <ResourceBaseClass Value="Form"/>
      </Unit1>
      <Unit2>
        <Filename Value="forms\frmImportFavorites.pas"/>
        <IsPartOfProject Value="True"/>
        <ComponentName Value="ImportFavorites"/>
        <HasResources Value="True"/>
        <ResourceBaseClass Value="Form"/>
      </Unit2>
      <Unit3>
        <Filename Value="forms\frmNewChapter.pas"/>
        <IsPartOfProject Value="True"/>
        <ComponentName Value="NewChapter"/>
        <HasResources Value="True"/>
        <ResourceBaseClass Value="Form"/>
      </Unit3>
      <Unit4>
        <Filename Value="forms\frmUpdateDialog.pas"/>
        <IsPartOfProject Value="True"/>
        <ComponentName Value="UpdateDialogForm"/>
        <HasResources Value="True"/>
        <ResourceBaseClass Value="Form"/>
      </Unit4>
      <Unit5>
        <Filename Value="forms\frmShutdownCounter.pas"/>
        <IsPartOfProject Value="True"/>
        <ComponentName Value="ShutdownCounterForm"/>
        <HasResources Value="True"/>
        <ResourceBaseClass Value="Form"/>
      </Unit5>
      <Unit6>
        <Filename Value="forms\frmDropTarget.pas"/>
        <IsPartOfProject Value="True"/>
        <ComponentName Value="FormDropTarget"/>
        <HasResources Value="True"/>
        <ResourceBaseClass Value="Form"/>
      </Unit6>
      <Unit7>
        <Filename Value="forms\frmAccountManager.pas"/>
        <IsPartOfProject Value="True"/>
        <ComponentName Value="AccountManagerForm"/>
        <HasResources Value="True"/>
        <ResourceBaseClass Value="Form"/>
      </Unit7>
      <Unit8>
        <Filename Value="forms\frmAccountSet.pas"/>
        <IsPartOfProject Value="True"/>
        <ComponentName Value="AccountSetForm"/>
        <HasResources Value="True"/>
        <ResourceBaseClass Value="Form"/>
      </Unit8>
      <Unit9>
        <Filename Value="forms\frmWebsiteSelection.pas"/>
        <IsPartOfProject Value="True"/>
        <ComponentName Value="WebsiteSelectionForm"/>
        <HasResources Value="True"/>
        <ResourceBaseClass Value="Form"/>
      </Unit9>
      <Unit10>
        <Filename Value="forms\frmCustomColor.pas"/>
        <IsPartOfProject Value="True"/>
        <ComponentName Value="CustomColorForm"/>
        <HasResources Value="True"/>
        <ResourceBaseClass Value="Form"/>
      </Unit10>
      <Unit11>
        <Filename Value="forms\frmLogger.pas"/>
        <IsPartOfProject Value="True"/>
        <ComponentName Value="FormLogger"/>
        <HasResources Value="True"/>
        <ResourceBaseClass Value="Form"/>
      </Unit11>
      <Unit12>
        <Filename Value="forms\frmSelectDirectory.pas"/>
        <IsPartOfProject Value="True"/>
        <ComponentName Value="SelectDirectoryForm"/>
        <HasResources Value="True"/>
        <ResourceBaseClass Value="Form"/>
      </Unit12>
      <Unit13>
        <Filename Value="forms\frmTransferFavorites.pas"/>
        <IsPartOfProject Value="True"/>
        <ComponentName Value="TransferFavoritesForm"/>
        <HasResources Value="True"/>
        <ResourceBaseClass Value="Form"/>
      </Unit13>
      <Unit14>
        <Filename Value="forms\frmLuaModulesUpdater.pas"/>
        <IsPartOfProject Value="True"/>
        <ComponentName Value="LuaModulesUpdaterForm"/>
        <HasResources Value="True"/>
        <ResourceBaseClass Value="Form"/>
      </Unit14>
      <Unit15>
        <Filename Value="forms\frmWebsiteSettings.pas"/>
        <IsPartOfProject Value="True"/>
        <ComponentName Value="WebsiteSettingsForm"/>
        <HasResources Value="True"/>
        <ResourceBaseClass Value="Form"/>
      </Unit15>
      <Unit16>
        <Filename Value="forms\uBackupSettings.pas"/>
        <IsPartOfProject Value="True"/>
      </Unit16>
      <Unit17>
        <Filename Value="forms\frmDialogYesNo.pas"/>
        <IsPartOfProject Value="True"/>
        <ComponentName Value="frmDialogYN"/>
        <HasResources Value="True"/>
        <ResourceBaseClass Value="Form"/>
      </Unit17>
      <Unit18>
        <Filename Value="..\baseunits\DBUpdater.pas"/>
        <IsPartOfProject Value="True"/>
      </Unit18>
      <Unit19>
        <Filename Value="..\baseunits\SelfUpdater.pas"/>
        <IsPartOfProject Value="True"/>
      </Unit19>
      <Unit20>
        <Filename Value="..\baseunits\CheckUpdate.pas"/>
        <IsPartOfProject Value="True"/>
      </Unit20>
      <Unit21>
        <Filename Value="..\baseunits\uDownloadsManager.pas"/>
        <IsPartOfProject Value="True"/>
      </Unit21>
      <Unit22>
        <Filename Value="..\baseunits\uFavoritesManager.pas"/>
        <IsPartOfProject Value="True"/>
      </Unit22>
      <Unit23>
        <Filename Value="..\baseunits\uSilentThread.pas"/>
        <IsPartOfProject Value="True"/>
      </Unit23>
      <Unit24>
        <Filename Value="..\baseunits\uUpdateThread.pas"/>
        <IsPartOfProject Value="True"/>
      </Unit24>
      <Unit25>
        <Filename Value="..\baseunits\webp.pas"/>
        <IsPartOfProject Value="True"/>
      </Unit25>
      <Unit26>
        <Filename Value="..\baseunits\SimpleException\SimpleException.pas"/>
        <IsPartOfProject Value="True"/>
      </Unit26>
    </Units>
  </ProjectOptions>
  <CompilerOptions>
    <Version Value="11"/>
    <PathDelim Value="\"/>
    <Target>
      <Filename Value="..\bin\$(TargetCPU)-$(TargetOS)\fmd"/>
    </Target>
    <SearchPaths>
      <IncludeFiles Value="$(ProjOutDir)"/>
      <OtherUnitFiles Value="..\baseunits;..\baseunits\animatedgifs;..\baseunits\extras;..\baseunits\lua;..\baseunits\modules;..\baseunits\SimpleException;..\baseunits\synapse;forms"/>
      <UnitOutputDirectory Value="lib\$(TargetCPU)-$(TargetOS)"/>
    </SearchPaths>
    <CodeGeneration>
      <SmartLinkUnit Value="True"/>
      <TargetCPU Value="i386"/>
      <TargetOS Value="win32"/>
      <Optimizations>
        <OptimizationLevel Value="2"/>
        <VariablesInRegisters Value="True"/>
      </Optimizations>
    </CodeGeneration>
    <Linking>
      <Debugging>
        <GenerateDebugInfo Value="False"/>
        <DebugInfoType Value="dsStabs"/>
        <StripSymbols Value="True"/>
        <UseExternalDbgSyms Value="True"/>
      </Debugging>
      <LinkSmart Value="True"/>
      <Options>
        <Win32>
          <GraphicApplication Value="True"/>
        </Win32>
      </Options>
    </Linking>
    <Other>
      <CompilerMessages>
        <IgnoredMessages idx5028="True"/>
      </CompilerMessages>
      <OtherDefines Count="2">
        <Define0 Value="DEBUGLEAKS"/>
        <Define1 Value="DEVBUILD"/>
      </OtherDefines>
      <ExecuteBefore>
        <Command Value="..\git2revision.bat ..\baseunits\revision.inc"/>
        <CompileReasons Run="False"/>
      </ExecuteBefore>
    </Other>
  </CompilerOptions>
  <Debugging>
    <Exceptions Count="9" IgnoreAll="True">
      <Item1>
        <Name Value="EAbort"/>
        <Enabled Value="False"/>
      </Item1>
      <Item2>
        <Name Value="ECodetoolError"/>
        <Enabled Value="False"/>
      </Item2>
      <Item3>
        <Name Value="EFOpenError"/>
        <Enabled Value="False"/>
      </Item3>
      <Item4>
        <Name Value="EThread"/>
        <Enabled Value="False"/>
      </Item4>
      <Item5>
        <Name Value="ERangeError"/>
        <Enabled Value="False"/>
      </Item5>
      <Item6>
        <Name Value="EReadError"/>
        <Enabled Value="False"/>
      </Item6>
      <Item7>
        <Name Value="EImagingError"/>
        <Enabled Value="False"/>
      </Item7>
      <Item8>
        <Name Value="EAccessViolation"/>
        <Enabled Value="False"/>
      </Item8>
      <Item9>
        <Name Value="EDivByZero"/>
      </Item9>
    </Exceptions>
  </Debugging>
</CONFIG>
