<?xml version="1.0" encoding="UTF-8"?>
<CONFIG>
  <ProjectOptions>
    <Version Value="10"/>
    <PathDelim Value="\"/>
    <General>
      <SessionStorage Value="InProjectDir"/>
      <MainUnit Value="0"/>
      <Title Value="Free Manga Downloader"/>
      <Scaled Value="True"/>
      <ResourceType Value="res"/>
      <UseXPManifest Value="True"/>
      <XPManifest>
        <DpiAware Value="True"/>
      </XPManifest>
      <Icon Value="0"/>
    </General>
    <i18n>
      <EnableI18N Value="True"/>
      <OutDir Value="languages"/>
    </i18n>
    <VersionInfo>
      <UseVersionInfo Value="True"/>
      <MinorVersionNr Value="9"/>
      <RevisionNr Value="148"/>
      <Attributes pvaPrivateBuild="True"/>
      <StringTable Comments="https://github.com/riderkick/FMD" FileDescription="Free Manga Downloader" LegalCopyright="©2015-2018" OriginalFilename="fmd.exe" ProductName="Free Manga Downloader" ProductVersion="$BuildMode()" PrivateBuild="riderkick"/>
    </VersionInfo>
    <BuildModes Count="6">
      <Item1 Name="Win32" Default="True"/>
      <Item2 Name="Win64">
        <CompilerOptions>
          <Version Value="11"/>
          <PathDelim Value="\"/>
          <Target>
            <Filename Value="..\bin\fmd"/>
          </Target>
          <SearchPaths>
            <IncludeFiles Value="$(ProjOutDir)"/>
            <UnitOutputDirectory Value="lib\$(TargetCPU)-$(TargetOS)"/>
          </SearchPaths>
          <CodeGeneration>
            <SmartLinkUnit Value="True"/>
            <TargetCPU Value="x86_64"/>
            <TargetOS Value="win64"/>
            <Optimizations>
              <OptimizationLevel Value="4"/>
              <VariablesInRegisters Value="True"/>
            </Optimizations>
            <SmallerCode Value="True"/>
          </CodeGeneration>
          <Linking>
            <Debugging>
              <GenerateDebugInfo Value="False"/>
              <DebugInfoType Value="dsStabs"/>
              <StripSymbols Value="True"/>
              <UseExternalDbgSyms Value="True"/>
            </Debugging>
            <LinkSmart Value="True"/>
            <Options>
              <Win32>
                <GraphicApplication Value="True"/>
              </Win32>
            </Options>
          </Linking>
        </CompilerOptions>
      </Item2>
      <Item3 Name="Win32 Debug">
        <CompilerOptions>
          <Version Value="11"/>
          <PathDelim Value="\"/>
          <Target>
            <Filename Value="..\bin\fmd"/>
          </Target>
          <SearchPaths>
            <IncludeFiles Value="$(ProjOutDir)"/>
            <UnitOutputDirectory Value="lib\$(TargetCPU)-$(TargetOS)"/>
          </SearchPaths>
          <Parsing>
            <SyntaxOptions>
              <IncludeAssertionCode Value="True"/>
            </SyntaxOptions>
          </Parsing>
          <CodeGeneration>
            <Checks>
              <IOChecks Value="True"/>
              <OverflowChecks Value="True"/>
              <StackChecks Value="True"/>
            </Checks>
            <TargetCPU Value="i386"/>
            <TargetOS Value="win32"/>
            <Optimizations>
              <VariablesInRegisters Value="True"/>
            </Optimizations>
          </CodeGeneration>
          <Linking>
            <Debugging>
              <UseExternalDbgSyms Value="True"/>
            </Debugging>
            <Options>
              <Win32>
                <GraphicApplication Value="True"/>
              </Win32>
            </Options>
          </Linking>
          <Other>
            <CompilerMessages>
              <IgnoredMessages idx4079="True"/>
            </CompilerMessages>
          </Other>
        </CompilerOptions>
      </Item3>
      <Item4 Name="Win64 Debug">
        <CompilerOptions>
          <Version Value="11"/>
          <PathDelim Value="\"/>
          <Target>
            <Filename Value="..\bin\fmd"/>
          </Target>
          <SearchPaths>
            <IncludeFiles Value="$(ProjOutDir)"/>
            <UnitOutputDirectory Value="lib\$(TargetCPU)-$(TargetOS)"/>
          </SearchPaths>
          <Parsing>
            <SyntaxOptions>
              <IncludeAssertionCode Value="True"/>
            </SyntaxOptions>
          </Parsing>
          <CodeGeneration>
            <Checks>
              <IOChecks Value="True"/>
              <OverflowChecks Value="True"/>
              <StackChecks Value="True"/>
            </Checks>
            <TargetCPU Value="x86_64"/>
            <TargetOS Value="win64"/>
            <Optimizations>
              <VariablesInRegisters Value="True"/>
            </Optimizations>
          </CodeGeneration>
          <Linking>
            <Debugging>
              <UseExternalDbgSyms Value="True"/>
            </Debugging>
            <Options>
              <Win32>
                <GraphicApplication Value="True"/>
              </Win32>
            </Options>
          </Linking>
        </CompilerOptions>
      </Item4>
      <Item5 Name="Win32 Debug Leaks">
        <CompilerOptions>
          <Version Value="11"/>
          <PathDelim Value="\"/>
          <Target>
            <Filename Value="..\bin\fmd"/>
          </Target>
          <SearchPaths>
            <IncludeFiles Value="$(ProjOutDir);..\baseunits\includes\AnimeA;..\baseunits\includes\AnimeStory;..\baseunits\includes\AnimExtremist;..\baseunits\includes\CentralDeMangas;..\baseunits\includes\EGScans;..\baseunits\includes\EsMangaHere;..\baseunits\includes\Kivmanga;..\baseunits\includes\LectureEnLigne;..\baseunits\includes\MangaAr;..\baseunits\includes\S2scans;..\baseunits\includes\ScanManga;..\baseunits\includes\Starkana;..\baseunits\includes\Turkcraft;..\baseunits\includes\VnSharing;..\baseunits\includes\MeinManga;..\baseunits\includes\MangaREADER_POR;..\baseunits\includes\MangasPROJECT;..\baseunits\lua"/>
            <OtherUnitFiles Value="..\baseunits;..\baseunits\animatedgifs;..\baseunits\SimpleException;..\baseunits\modules;..\baseunits\extras;..\baseunits\lua;forms"/>
            <UnitOutputDirectory Value="lib\$(TargetCPU)-$(TargetOS)"/>
          </SearchPaths>
          <Parsing>
            <SyntaxOptions>
              <IncludeAssertionCode Value="True"/>
            </SyntaxOptions>
          </Parsing>
          <CodeGeneration>
            <Checks>
              <IOChecks Value="True"/>
              <RangeChecks Value="True"/>
              <OverflowChecks Value="True"/>
              <StackChecks Value="True"/>
            </Checks>
            <TargetCPU Value="i386"/>
            <TargetOS Value="win32"/>
            <Optimizations>
              <VariablesInRegisters Value="True"/>
            </Optimizations>
          </CodeGeneration>
          <Linking>
            <Debugging>
              <UseHeaptrc Value="True"/>
              <UseExternalDbgSyms Value="True"/>
            </Debugging>
            <Options>
              <Win32>
                <GraphicApplication Value="True"/>
              </Win32>
            </Options>
          </Linking>
          <Other>
            <ExecuteAfter>
              <Command Value="cmd.exe /c copy /y languages\*.po ..\bin\languages\"/>
            </ExecuteAfter>
          </Other>
        </CompilerOptions>
      </Item5>
      <Item6 Name="Win64 Debug Leaks">
        <CompilerOptions>
          <Version Value="11"/>
          <PathDelim Value="\"/>
          <Target>
            <Filename Value="..\bin\fmd"/>
          </Target>
          <SearchPaths>
            <IncludeFiles Value="$(ProjOutDir);..\baseunits\includes\AnimeA;..\baseunits\includes\AnimeStory;..\baseunits\includes\AnimExtremist;..\baseunits\includes\CentralDeMangas;..\baseunits\includes\EGScans;..\baseunits\includes\EsMangaHere;..\baseunits\includes\Kivmanga;..\baseunits\includes\LectureEnLigne;..\baseunits\includes\MangaAr;..\baseunits\includes\S2scans;..\baseunits\includes\ScanManga;..\baseunits\includes\Starkana;..\baseunits\includes\Turkcraft;..\baseunits\includes\VnSharing;..\baseunits\includes\MeinManga;..\baseunits\includes\MangaREADER_POR;..\baseunits\includes\MangasPROJECT;..\baseunits\lua"/>
            <OtherUnitFiles Value="..\baseunits;..\baseunits\animatedgifs;..\baseunits\SimpleException;..\baseunits\modules;..\baseunits\extras;..\baseunits\lua;forms"/>
            <UnitOutputDirectory Value="lib\$(TargetCPU)-$(TargetOS)"/>
          </SearchPaths>
          <Parsing>
            <SyntaxOptions>
              <IncludeAssertionCode Value="True"/>
            </SyntaxOptions>
          </Parsing>
          <CodeGeneration>
            <Checks>
              <IOChecks Value="True"/>
              <RangeChecks Value="True"/>
              <OverflowChecks Value="True"/>
              <StackChecks Value="True"/>
            </Checks>
            <TargetCPU Value="x86_64"/>
            <TargetOS Value="win64"/>
            <Optimizations>
              <VariablesInRegisters Value="True"/>
            </Optimizations>
          </CodeGeneration>
          <Linking>
            <Debugging>
              <UseHeaptrc Value="True"/>
              <UseExternalDbgSyms Value="True"/>
            </Debugging>
            <Options>
              <Win32>
                <GraphicApplication Value="True"/>
              </Win32>
            </Options>
          </Linking>
          <Other>
            <ExecuteAfter>
              <Command Value="cmd.exe /c copy /y languages\*.po ..\bin\languages\"/>
            </ExecuteAfter>
          </Other>
        </CompilerOptions>
      </Item6>
      <SharedMatrixOptions Count="10">
        <Item1 ID="285210846225" Targets="#project" Modes="Win32 Debug Leaks,Win64 Debug Leaks,Win64 Debug,Win32 Debug,Win64,Win32" Value="-Fu..\baseunits -Fu..\baseunits\animatedgifs -Fu..\baseunits\SimpleException -Fu..\baseunits\modules -Fu..\baseunits\extras -Fuforms"/>
        <Item2 ID="787838556410" Targets="#project" Modes="Win32 Debug Leaks,Win64 Debug Leaks,Win64 Debug,Win32 Debug,Win32,Win64" Value="-Fi..\baseunits\includes\AnimeA -Fi..\baseunits\includes\AnimeStory -Fi..\baseunits\includes\AnimExtremist -Fi..\baseunits\includes\CentralDeMangas -Fi..\baseunits\includes\EGScans -Fi..\baseunits\includes\EsMangaHere -Fi..\baseunits\includes\Kivmanga -Fi..\baseunits\includes\LectureEnLigne -Fi..\baseunits\includes\MangaAr -Fi..\baseunits\includes\S2scans -Fi..\baseunits\includes\ScanManga -Fi..\baseunits\includes\Starkana -Fi..\baseunits\includes\Turkcraft -Fi..\baseunits\includes\VnSharing -Fi..\baseunits\includes\MeinManga -Fi..\baseunits\includes\MangaREADER_POR -Fi..\baseunits\includes\MangasPROJECT"/>
        <Item3 ID="465017374973" Targets="#project" Modes="Win32,Win64 Debug Leaks,Win32 Debug Leaks,Win64 Debug,Win32 Debug,Win64" Value="-dMANGADOWNLOADER -dDOWNLOADER -dSELFUPDATE -dMULTILOG"/>
        <Item4 ID="729045573668" Targets="#project" Modes="Win32 Debug Leaks,Win64 Debug Leaks,Win32,Win64,Win32 Debug,Win64 Debug" Value="-Fu..\baseunits\lua -Fu..\baseunits\pcre"/>
        <Item5 ID="534084266787" Targets="#project" Modes="Win64 Debug Leaks,Win32 Debug Leaks" Value="-dDEBUGLEAKS -dDEVBUILD -WC"/>
        <Item6 ID="951904047630" Targets="#project" Value="-uUSE_FLRE_WITH_CACHE -dUSE_SOROKINS_REGEX -uUSE_BBFLRE_UNICODE -dUSE_BBFULL_UNICODE"/>
        <Item7 ID="140379931701" Targets="#project" Value="-Fi..\3rd\BESEN\src -Fi..\3rd\internettools\data -Fu..\3rd\BESEN\src -Fu..\3rd\internettools\data -Fu..\3rd\internettools\internet -Fu..\3rd\internettools\system -Fu..\3rd\internettools\import\flre\src"/>
        <Item8 ID="403646715137" Targets="BESENPkg,internettools" Modes="Win32 Debug Leaks,Win64 Debug Leaks,Win64 Debug,Win32 Debug,Win32,Win64" Value="-CX -O3 -Xs -XX -g- -Os"/>
        <Item9 ID="127282585717" Targets="internettools" Modes="Win32,Win64,Win32 Debug,Win64 Debug,Win64 Debug Leaks,Win32 Debug Leaks" Value="-uUSE_FLRE_WITH_CACHE -dUSE_SOROKINS_REGEX -uUSE_BBFLRE_UNICODE -dUSE_BBFULL_UNICODE"/>
        <Item10 ID="939088584661" Targets="LazControls,TAChartLazarusPkg" Modes="Win64 Debug,Win32 Debug,Win64,Win32,Win32 Debug Leaks,Win64 Debug Leaks" Value="-CX -O3 -Xs -XX -g- -Os"/>
      </SharedMatrixOptions>
    </BuildModes>
    <PublishOptions>
      <Version Value="2"/>
      <DestinationDirectory Value="C:\Users\Cholif\Desktop\laz\fmd-rev339\publish"/>
      <IncludeFileFilter Value="*.(pas|pp|inc|lfm|lpr|lrs|lpi|lpk|sh|xml)"/>
      <UseExcludeFileFilter Value="True"/>
      <ExcludeFileFilter Value="*.(bak|ppu|o|so);*~;backup"/>
    </PublishOptions>
    <RunParams>
      <local>
        <FormatVersion Value="1"/>
      </local>
    </RunParams>
    <RequiredPackages Count="9">
      <Item1>
        <PackageName Value="LCL"/>
      </Item1>
      <Item2>
        <PackageName Value="TAChartLazarusPkg"/>
      </Item2>
      <Item3>
        <PackageName Value="richmemopackage"/>
      </Item3>
      <Item4>
        <PackageName Value="virtualtreeview_package"/>
      </Item4>
      <Item5>
        <PackageName Value="multiloglaz"/>
      </Item5>
      <Item6>
        <PackageName Value="laz_synapse"/>
      </Item6>
      <Item7>
        <PackageName Value="dcpcrypt"/>
      </Item7>
      <Item8>
        <PackageName Value="BESENPkg"/>
        <DefaultFilename Value="..\3rd\BESENPkg.lpk" Prefer="True"/>
      </Item8>
      <Item9>
        <PackageName Value="internettools"/>
        <DefaultFilename Value="..\3rd\internettools\internettools.lpk" Prefer="True"/>
      </Item9>
    </RequiredPackages>
    <Units Count="18">
      <Unit0>
        <Filename Value="md.lpr"/>
        <IsPartOfProject Value="True"/>
      </Unit0>
      <Unit1>
        <Filename Value="forms\frmMain.pas"/>
        <IsPartOfProject Value="True"/>
        <ComponentName Value="MainForm"/>
        <HasResources Value="True"/>
        <ResourceBaseClass Value="Form"/>
      </Unit1>
      <Unit2>
        <Filename Value="forms\frmImportFavorites.pas"/>
        <IsPartOfProject Value="True"/>
        <ComponentName Value="ImportFavorites"/>
        <HasResources Value="True"/>
        <ResourceBaseClass Value="Form"/>
      </Unit2>
      <Unit3>
        <Filename Value="forms\frmNewChapter.pas"/>
        <IsPartOfProject Value="True"/>
        <ComponentName Value="NewChapter"/>
        <HasResources Value="True"/>
        <ResourceBaseClass Value="Form"/>
      </Unit3>
      <Unit4>
        <Filename Value="forms\frmUpdateDialog.pas"/>
        <IsPartOfProject Value="True"/>
        <ComponentName Value="UpdateDialogForm"/>
        <HasResources Value="True"/>
        <ResourceBaseClass Value="Form"/>
      </Unit4>
      <Unit5>
        <Filename Value="forms\frmShutdownCounter.pas"/>
        <IsPartOfProject Value="True"/>
        <ComponentName Value="ShutdownCounterForm"/>
        <HasResources Value="True"/>
        <ResourceBaseClass Value="Form"/>
      </Unit5>
      <Unit6>
        <Filename Value="forms\frmDropTarget.pas"/>
        <IsPartOfProject Value="True"/>
        <ComponentName Value="FormDropTarget"/>
        <HasResources Value="True"/>
        <ResourceBaseClass Value="Form"/>
      </Unit6>
      <Unit7>
        <Filename Value="forms\frmAccountManager.pas"/>
        <IsPartOfProject Value="True"/>
        <ComponentName Value="AccountManagerForm"/>
        <HasResources Value="True"/>
        <ResourceBaseClass Value="Form"/>
      </Unit7>
      <Unit8>
        <Filename Value="forms\frmAccountSet.pas"/>
        <IsPartOfProject Value="True"/>
        <ComponentName Value="AccountSetForm"/>
        <HasResources Value="True"/>
        <ResourceBaseClass Value="Form"/>
      </Unit8>
      <Unit9>
        <Filename Value="forms\frmWebsiteOptionAdvanced.pas"/>
        <IsPartOfProject Value="True"/>
        <ComponentName Value="WebsiteOptionAdvancedForm"/>
        <HasResources Value="True"/>
        <ResourceBaseClass Value="Form"/>
      </Unit9>
      <Unit10>
        <Filename Value="forms\frmWebsiteSelection.pas"/>
        <IsPartOfProject Value="True"/>
        <ComponentName Value="WebsiteSelectionForm"/>
        <HasResources Value="True"/>
        <ResourceBaseClass Value="Form"/>
      </Unit10>
      <Unit11>
        <Filename Value="forms\frmCustomColor.pas"/>
        <IsPartOfProject Value="True"/>
        <ComponentName Value="CustomColorForm"/>
        <HasResources Value="True"/>
        <ResourceBaseClass Value="Form"/>
      </Unit11>
      <Unit12>
        <Filename Value="forms\frmLogger.pas"/>
        <IsPartOfProject Value="True"/>
        <ComponentName Value="FormLogger"/>
        <HasResources Value="True"/>
        <ResourceBaseClass Value="Form"/>
      </Unit12>
      <Unit13>
        <Filename Value="forms\frmSelectDirectory.pas"/>
        <IsPartOfProject Value="True"/>
        <ComponentName Value="SelectDirectoryForm"/>
        <ResourceBaseClass Value="Form"/>
      </Unit13>
      <Unit14>
        <Filename Value="forms\frmTransferFavorites.pas"/>
        <IsPartOfProject Value="True"/>
        <ComponentName Value="TransferFavoritesForm"/>
        <HasResources Value="True"/>
        <ResourceBaseClass Value="Form"/>
      </Unit14>
      <Unit15>
        <Filename Value="forms\frmLuaModulesUpdater.pas"/>
        <IsPartOfProject Value="True"/>
        <ComponentName Value="LuaModulesUpdaterForm"/>
        <HasResources Value="True"/>
        <ResourceBaseClass Value="Form"/>
      </Unit15>
      <Unit16>
        <Filename Value="..\baseunits\DBUpdater.pas"/>
        <IsPartOfProject Value="True"/>
      </Unit16>
      <Unit17>
        <Filename Value="..\baseunits\SelfUpdater.pas"/>
        <IsPartOfProject Value="True"/>
      </Unit17>
    </Units>
  </ProjectOptions>
  <CompilerOptions>
    <Version Value="11"/>
    <PathDelim Value="\"/>
    <Target>
      <Filename Value="..\bin\fmd"/>
    </Target>
    <SearchPaths>
      <IncludeFiles Value="$(ProjOutDir)"/>
      <UnitOutputDirectory Value="lib\$(TargetCPU)-$(TargetOS)"/>
    </SearchPaths>
    <CodeGeneration>
      <SmartLinkUnit Value="True"/>
      <TargetCPU Value="i386"/>
      <TargetOS Value="win32"/>
      <Optimizations>
        <OptimizationLevel Value="4"/>
        <VariablesInRegisters Value="True"/>
      </Optimizations>
      <SmallerCode Value="True"/>
    </CodeGeneration>
    <Linking>
      <Debugging>
        <GenerateDebugInfo Value="False"/>
        <DebugInfoType Value="dsStabs"/>
        <StripSymbols Value="True"/>
        <UseExternalDbgSyms Value="True"/>
      </Debugging>
      <LinkSmart Value="True"/>
      <Options>
        <Win32>
          <GraphicApplication Value="True"/>
        </Win32>
      </Options>
    </Linking>
    <Other>
      <CompilerMessages>
        <IgnoredMessages idx5028="True"/>
      </CompilerMessages>
    </Other>
  </CompilerOptions>
  <Debugging>
    <Exceptions Count="9" IgnoreAll="True">
      <Item1>
        <Name Value="EAbort"/>
        <Enabled Value="False"/>
      </Item1>
      <Item2>
        <Name Value="ECodetoolError"/>
        <Enabled Value="False"/>
      </Item2>
      <Item3>
        <Name Value="EFOpenError"/>
        <Enabled Value="False"/>
      </Item3>
      <Item4>
        <Name Value="EThread"/>
        <Enabled Value="False"/>
      </Item4>
      <Item5>
        <Name Value="ERangeError"/>
        <Enabled Value="False"/>
      </Item5>
      <Item6>
        <Name Value="EReadError"/>
        <Enabled Value="False"/>
      </Item6>
      <Item7>
        <Name Value="EImagingError"/>
        <Enabled Value="False"/>
      </Item7>
      <Item8>
        <Name Value="EAccessViolation"/>
        <Enabled Value="False"/>
      </Item8>
      <Item9>
        <Name Value="EDivByZero"/>
      </Item9>
    </Exceptions>
  </Debugging>
</CONFIG>
